
Microsoft Visual Studio Solution File, Format Version 12.00
# Visual Studio Version 16
VisualStudioVersion = 16.0.30413.136
MinimumVisualStudioVersion = 10.0.40219.1
Project("{FAE04EC0-301F-11D3-BF4B-00C04F79EFBC}") = "Scaffold", "Scaffold\Scaffold.csproj", "{0D917B15-E1FD-4745-A043-155C91EF5586}"
EndProject
Global
	GlobalSection(SolutionConfigurationPlatforms) = preSolution
		Debug|Any CPU = Debug|Any CPU
		Release|Any CPU = Release|Any CPU
	EndGlobalSection
	GlobalSection(ProjectConfigurationPlatforms) = postSolution
		{0D917B15-E1FD-4745-A043-155C91EF5586}.Debug|Any CPU.ActiveCfg = Debug|Any CPU
		{0D917B15-E1FD-4745-A043-155C91EF5586}.Debug|Any CPU.Build.0 = Debug|Any CPU
		{0D917B15-E1FD-4745-A043-155C91EF5586}.Release|Any CPU.ActiveCfg = Release|Any CPU
		{0D917B15-E1FD-4745-A043-155C91EF5586}.Release|Any CPU.Build.0 = Release|Any CPU
	EndGlobalSection
	GlobalSection(SolutionProperties) = preSolution
		HideSolutionNode = FALSE
	EndGlobalSection
	GlobalSection(ExtensibilityGlobals) = postSolution
		SolutionGuid = {5A0DDF4D-E954-495C-A9BD-1813004A5E40}
	EndGlobalSection
EndGlobal
